
Microsoft Visual Studio Solution File, Format Version 12.00
# Visual Studio Version 17
VisualStudioVersion = 17.13.35931.197
MinimumVisualStudioVersion = 10.0.40219.1
Project("{FAE04EC0-301F-11D3-BF4B-00C04F79EFBC}") = "PmsApp", "PmsApp\PmsApp.csproj", "{7867DBD1-378F-4EF9-903E-00AEC466184B}"
EndProject
Project("{FAE04EC0-301F-11D3-BF4B-00C04F79EFBC}") = "HrEntityLib", "HrEntityLib\HrEntityLib.csproj", "{886480DD-EBF8-4040-B3F8-FA5E4891C7C2}"
EndProject
Project("{FAE04EC0-301F-11D3-BF4B-00C04F79EFBC}") = "HrFunLib", "HrFunLib\HrFunLib.csproj", "{98C83991-7FE9-41B6-9988-5EDC9B8DA7AD}"
EndProject
Project("{FAE04EC0-301F-11D3-BF4B-00C04F79EFBC}") = "HrViewLib", "HrViewLib\HrViewLib.csproj", "{9BB30CC7-D0E3-4D32-8D1D-18BAF0D87C28}"
EndProject
Project("{FAE04EC0-301F-11D3-BF4B-00C04F79EFBC}") = "HrBlazor00Lib", "HrBlazor00Lib\HrBlazor00Lib.csproj", "{4E5EDC97-7756-4077-83FA-6BC28487EEA3}"
EndProject
Global
	GlobalSection(SolutionConfigurationPlatforms) = preSolution
		Debug|Any CPU = Debug|Any CPU
		Release|Any CPU = Release|Any CPU
	EndGlobalSection
	GlobalSection(ProjectConfigurationPlatforms) = postSolution
		{7867DBD1-378F-4EF9-903E-00AEC466184B}.Debug|Any CPU.ActiveCfg = Debug|Any CPU
		{7867DBD1-378F-4EF9-903E-00AEC466184B}.Debug|Any CPU.Build.0 = Debug|Any CPU
		{7867DBD1-378F-4EF9-903E-00AEC466184B}.Release|Any CPU.ActiveCfg = Release|Any CPU
		{7867DBD1-378F-4EF9-903E-00AEC466184B}.Release|Any CPU.Build.0 = Release|Any CPU
		{886480DD-EBF8-4040-B3F8-FA5E4891C7C2}.Debug|Any CPU.ActiveCfg = Debug|Any CPU
		{886480DD-EBF8-4040-B3F8-FA5E4891C7C2}.Debug|Any CPU.Build.0 = Debug|Any CPU
		{886480DD-EBF8-4040-B3F8-FA5E4891C7C2}.Release|Any CPU.ActiveCfg = Release|Any CPU
		{886480DD-EBF8-4040-B3F8-FA5E4891C7C2}.Release|Any CPU.Build.0 = Release|Any CPU
		{98C83991-7FE9-41B6-9988-5EDC9B8DA7AD}.Debug|Any CPU.ActiveCfg = Debug|Any CPU
		{98C83991-7FE9-41B6-9988-5EDC9B8DA7AD}.Debug|Any CPU.Build.0 = Debug|Any CPU
		{98C83991-7FE9-41B6-9988-5EDC9B8DA7AD}.Release|Any CPU.ActiveCfg = Release|Any CPU
		{98C83991-7FE9-41B6-9988-5EDC9B8DA7AD}.Release|Any CPU.Build.0 = Release|Any CPU
		{9BB30CC7-D0E3-4D32-8D1D-18BAF0D87C28}.Debug|Any CPU.ActiveCfg = Debug|Any CPU
		{9BB30CC7-D0E3-4D32-8D1D-18BAF0D87C28}.Debug|Any CPU.Build.0 = Debug|Any CPU
		{9BB30CC7-D0E3-4D32-8D1D-18BAF0D87C28}.Release|Any CPU.ActiveCfg = Release|Any CPU
		{9BB30CC7-D0E3-4D32-8D1D-18BAF0D87C28}.Release|Any CPU.Build.0 = Release|Any CPU
		{4E5EDC97-7756-4077-83FA-6BC28487EEA3}.Debug|Any CPU.ActiveCfg = Debug|Any CPU
		{4E5EDC97-7756-4077-83FA-6BC28487EEA3}.Debug|Any CPU.Build.0 = Debug|Any CPU
		{4E5EDC97-7756-4077-83FA-6BC28487EEA3}.Release|Any CPU.ActiveCfg = Release|Any CPU
		{4E5EDC97-7756-4077-83FA-6BC28487EEA3}.Release|Any CPU.Build.0 = Release|Any CPU
	EndGlobalSection
	GlobalSection(SolutionProperties) = preSolution
		HideSolutionNode = FALSE
	EndGlobalSection
	GlobalSection(ExtensibilityGlobals) = postSolution
		SolutionGuid = {F47CDAD8-590A-4013-A94E-75867F39993E}
	EndGlobalSection
EndGlobal
